
Microsoft Visual Studio Solution File, Format Version 12.00
# Visual Studio Version 17
VisualStudioVersion = 17.13.35818.85 d17.13
MinimumVisualStudioVersion = 10.0.40219.1
Project("{FAE04EC0-301F-11D3-BF4B-00C04F79EFBC}") = "MinimalAPIPeliculas", "MinimalAPIPeliculas\MinimalAPIPeliculas.csproj", "{53743677-C41A-4993-98F3-1F4A95B19409}"
EndProject
Global
	GlobalSection(SolutionConfigurationPlatforms) = preSolution
		Debug|Any CPU = Debug|Any CPU
		Release|Any CPU = Release|Any CPU
	EndGlobalSection
	GlobalSection(ProjectConfigurationPlatforms) = postSolution
		{53743677-C41A-4993-98F3-1F4A95B19409}.Debug|Any CPU.ActiveCfg = Debug|Any CPU
		{53743677-C41A-4993-98F3-1F4A95B19409}.Debug|Any CPU.Build.0 = Debug|Any CPU
		{53743677-C41A-4993-98F3-1F4A95B19409}.Release|Any CPU.ActiveCfg = Release|Any CPU
		{53743677-C41A-4993-98F3-1F4A95B19409}.Release|Any CPU.Build.0 = Release|Any CPU
	EndGlobalSection
	GlobalSection(SolutionProperties) = preSolution
		HideSolutionNode = FALSE
	EndGlobalSection
	GlobalSection(ExtensibilityGlobals) = postSolution
		SolutionGuid = {D1461930-DC21-4B0F-B4DE-6ABA50D87E55}
	EndGlobalSection
EndGlobal
